{
  "nodes": {
    "fenix": {
      "inputs": {
        "nixpkgs": "nixpkgs",
        "rust-analyzer-src": "rust-analyzer-src"
      },
      "locked": {
        "lastModified": 1674541370,
        "narHash": "sha256-L62dKDX6fIUQhlna9R8PKSAEGZ7ueU5gRGxZzZs/Zx8=",
        "owner": "nix-community",
        "repo": "fenix",
        "rev": "4435f8e9da13581e51ba1f92a25d7d54c776ad94",
        "type": "github"
      },
      "original": {
        "owner": "nix-community",
        "repo": "fenix",
        "type": "github"
      }
    },
    "naersk": {
      "inputs": {
        "nixpkgs": "nixpkgs_3"
      },
      "locked": {
        "lastModified": 1655042882,
        "narHash": "sha256-9BX8Fuez5YJlN7cdPO63InoyBy7dm3VlJkkmTt6fS1A=",
        "owner": "nix-community",
        "repo": "naersk",
        "rev": "cddffb5aa211f50c4b8750adbec0bbbdfb26bb9f",
        "type": "github"
      },
      "original": {
        "owner": "nix-community",
        "repo": "naersk",
        "type": "github"
      }
    },
    "nixpkgs": {
      "locked": {
        "lastModified": 1674211260,
        "narHash": "sha256-xU6Rv9sgnwaWK7tgCPadV6HhI2Y/fl4lKxJoG2+m9qs=",
        "owner": "nixos",
        "repo": "nixpkgs",
        "rev": "5ed481943351e9fd354aeb557679624224de38d5",
        "type": "github"
      },
      "original": {
        "owner": "nixos",
        "ref": "nixos-unstable",
        "repo": "nixpkgs",
        "type": "github"
      }
    },
    "nixpkgs_2": {
      "locked": {
        "lastModified": 1674459583,
        "narHash": "sha256-L0UZl/u2H3HGsrhN+by42c5kNYeKtdmJiPzIRvEVeiM=",
        "owner": "NixOS",
        "repo": "nixpkgs",
        "rev": "1b1f50645af2a70dc93eae18bfd88d330bfbcf7f",
        "type": "github"
      },
      "original": {
        "id": "nixpkgs",
        "ref": "nixos-unstable",
        "type": "indirect"
      }
    },
    "nixpkgs_3": {
      "locked": {
        "lastModified": 0,
        "narHash": "sha256-O3wncIouj9x7gBPntzHeK/Hkmm9M1SGlYq7JI7saTAE=",
        "path": "/nix/store/d84iknazpzwbjbj1j9zh9wnh6v6dzlfb-source",
        "type": "path"
      },
      "original": {
        "id": "nixpkgs",
        "type": "indirect"
      }
    },
    "nixpkgs_4": {
      "locked": {
        "lastModified": 0,
        "narHash": "sha256-O3wncIouj9x7gBPntzHeK/Hkmm9M1SGlYq7JI7saTAE=",
        "path": "/nix/store/d84iknazpzwbjbj1j9zh9wnh6v6dzlfb-source",
        "type": "path"
      },
      "original": {
        "id": "nixpkgs",
        "type": "indirect"
      }
    },
    "ravedude": {
      "inputs": {
        "naersk": "naersk",
        "nixpkgs": "nixpkgs_4",
        "utils": "utils"
      },
      "locked": {
        "dir": "ravedude",
        "lastModified": 1672937660,
        "narHash": "sha256-yEQRZ+blKfdfmxxok7lpj4fJFN8nj0zsOBFvMHfQMCo=",
        "owner": "Rahix",
        "repo": "avr-hal",
        "rev": "4c9c44c314eb061ee20556ef10d45dea36e75ee4",
        "type": "github"
      },
      "original": {
        "dir": "ravedude",
        "owner": "Rahix",
        "repo": "avr-hal",
        "type": "github"
      }
    },
    "root": {
      "inputs": {
        "fenix": "fenix",
        "nixpkgs": "nixpkgs_2",
        "ravedude": "ravedude"
      }
    },
    "rust-analyzer-src": {
      "flake": false,
      "locked": {
        "lastModified": 1674491573,
        "narHash": "sha256-1hMPOn2dlMfWRWvuaWcSxNquKpvjGVXq2rVw6UJy75Q=",
        "owner": "rust-lang",
        "repo": "rust-analyzer",
        "rev": "c552e5a55f13b2f08d506bb46fb74dbc11702d0d",
        "type": "github"
      },
      "original": {
        "owner": "rust-lang",
        "ref": "nightly",
        "repo": "rust-analyzer",
        "type": "github"
      }
    },
    "utils": {
      "locked": {
        "lastModified": 1653893745,
        "narHash": "sha256-0jntwV3Z8//YwuOjzhV2sgJJPt+HY6KhU7VZUL0fKZQ=",
        "owner": "numtide",
        "repo": "flake-utils",
        "rev": "1ed9fb1935d260de5fe1c2f7ee0ebaae17ed2fa1",
        "type": "github"
      },
      "original": {
        "owner": "numtide",
        "repo": "flake-utils",
        "type": "github"
      }
    }
  },
  "root": "root",
  "version": 7
}
